# This file is autogenerated, do not edit; changes may be undone by the next 'dep ensure'.


[[projects]]
  branch = "master"
  digest = "1:8eac442140d1c2fa02b34c066f6db4c2d181f990c1180797582076cfba6a0166"
  name = "github.com/apimatic/form"
  packages = ["."]
  pruneopts = "UT"
  revision = "57699fab37f4ca4e5a62d104c4ccd59f6ec095b3"

[[projects]]
  branch = "master"
  digest = "1:6c907eccccd5616704bd124265d31ee5a99243ccca26f20c4f3f6a045c612ad4"
  name = "github.com/apimatic/unirest-go"
  packages = ["."]
  pruneopts = "UT"
  revision = "858ed2893f66df2366aededa134ba9941cde06a0"

[[projects]]
  branch = "master"
  digest = "1:65fa19cce8f4c5bb4215e0a8168591a4c3778852a3af745c965aec71974a9e4c"
  name = "github.com/pepipost/pepipost-sdk-go"
  packages = [
    "pepipost_lib/apihelper_pkg",
    "pepipost_lib/configuration_pkg",
    "pepipost_lib/email_pkg",
    "pepipost_lib/models_pkg",
  ]
  pruneopts = "UT"
  revision = "9c35cd88358da79301cc3e35feb50c9ebf8f9270"

[[projects]]
  digest = "1:274f67cb6fed9588ea2521ecdac05a6d62a8c51c074c1fccc6a49a40ba80e925"
  name = "github.com/satori/go.uuid"
  packages = ["."]
  pruneopts = "UT"
  revision = "f58768cc1a7a7e77a3bd49e98cdd21419399b6a3"
  version = "v1.2.0"

[solve-meta]
  analyzer-name = "dep"
  analyzer-version = 1
  input-imports = [
    "github.com/apimatic/unirest-go",
    "github.com/pepipost/pepipost-sdk-go/pepipost_lib/apihelper_pkg",
    "github.com/pepipost/pepipost-sdk-go/pepipost_lib/configuration_pkg",
    "github.com/pepipost/pepipost-sdk-go/pepipost_lib/email_pkg",
    "github.com/pepipost/pepipost-sdk-go/pepipost_lib/models_pkg",
  ]
  solver-name = "gps-cdcl"
  solver-version = 1
